{
  "name": "dr_mario",
  "requires": true,
  "lockfileVersion": 1,
  "dependencies": {
    "bower": {
      "version": "1.8.8",
      "resolved": "https://registry.npmjs.org/bower/-/bower-1.8.8.tgz",
      "integrity": "sha512-1SrJnXnkP9soITHptSO+ahx3QKp3cVzn8poI6ujqc5SeOkg5iqM1pK9H+DSc2OQ8SnO0jC/NG4Ur/UIwy7574A==",
      "dev": true
    },
    "jasmine-core": {
      "version": "3.5.0",
      "resolved": "https://registry.npmjs.org/jasmine-core/-/jasmine-core-3.5.0.tgz",
      "integrity": "sha512-nCeAiw37MIMA9w9IXso7bRaLl+c/ef3wnxsoSAlYrzS+Ot0zTG6nU8G/cIfGkqpkjX2wNaIW9RFG0TwIFnG6bA==",
      "dev": true
    },
    "karma-jasmine": {
      "version": "3.1.1",
      "resolved": "https://registry.npmjs.org/karma-jasmine/-/karma-jasmine-3.1.1.tgz",
      "integrity": "sha512-pxBmv5K7IkBRLsFSTOpgiK/HzicQT3mfFF+oHAC7nxMfYKhaYFgxOa5qjnHW4sL5rUnmdkSajoudOnnOdPyW4Q==",
      "dev": true,
      "requires": {
        "jasmine-core": "^3.5.0"
      }
    }
  }
}
